
Microsoft Visual Studio Solution File, Format Version 12.00
# Visual Studio 15
VisualStudioVersion = 15.0.27130.2020
MinimumVisualStudioVersion = 10.0.40219.1
Project("{FAE04EC0-301F-11D3-BF4B-00C04F79EFBC}") = "Threax.AspNetCore.MessageQueue", "Threax.AspNetCore.MessageQueue\Threax.AspNetCore.MessageQueue.csproj", "{749F0FD0-5A5C-4C40-941D-304B0FE00512}"
EndProject
Project("{FAE04EC0-301F-11D3-BF4B-00C04F79EFBC}") = "Threax.AspNetCore.MessageQueue.MassTransit", "Threax.AspNetCore.MessageQueue.MassTransit\Threax.AspNetCore.MessageQueue.MassTransit.csproj", "{4278FA8F-738E-4F44-B908-7DBD26E58ADB}"
EndProject
Global
	GlobalSection(SolutionConfigurationPlatforms) = preSolution
		Debug|Any CPU = Debug|Any CPU
		Release|Any CPU = Release|Any CPU
	EndGlobalSection
	GlobalSection(ProjectConfigurationPlatforms) = postSolution
		{749F0FD0-5A5C-4C40-941D-304B0FE00512}.Debug|Any CPU.ActiveCfg = Debug|Any CPU
		{749F0FD0-5A5C-4C40-941D-304B0FE00512}.Debug|Any CPU.Build.0 = Debug|Any CPU
		{749F0FD0-5A5C-4C40-941D-304B0FE00512}.Release|Any CPU.ActiveCfg = Release|Any CPU
		{749F0FD0-5A5C-4C40-941D-304B0FE00512}.Release|Any CPU.Build.0 = Release|Any CPU
		{4278FA8F-738E-4F44-B908-7DBD26E58ADB}.Debug|Any CPU.ActiveCfg = Debug|Any CPU
		{4278FA8F-738E-4F44-B908-7DBD26E58ADB}.Debug|Any CPU.Build.0 = Debug|Any CPU
		{4278FA8F-738E-4F44-B908-7DBD26E58ADB}.Release|Any CPU.ActiveCfg = Release|Any CPU
		{4278FA8F-738E-4F44-B908-7DBD26E58ADB}.Release|Any CPU.Build.0 = Release|Any CPU
	EndGlobalSection
	GlobalSection(SolutionProperties) = preSolution
		HideSolutionNode = FALSE
	EndGlobalSection
	GlobalSection(ExtensibilityGlobals) = postSolution
		SolutionGuid = {8699371F-2600-4E3C-A728-7BDF8DEDDC8C}
	EndGlobalSection
EndGlobal
